
Microsoft Visual Studio Solution File, Format Version 12.00
# Visual Studio Version 16
VisualStudioVersion = 16.0.31729.503
MinimumVisualStudioVersion = 10.0.40219.1
Project("{FAE04EC0-301F-11D3-BF4B-00C04F79EFBC}") = "Atividade", "Atividade\Atividade.csproj", "{FF0FF7A7-A15B-4867-97CA-9F1B37A0D5B8}"
EndProject
Global
	GlobalSection(SolutionConfigurationPlatforms) = preSolution
		Debug|Any CPU = Debug|Any CPU
		Release|Any CPU = Release|Any CPU
	EndGlobalSection
	GlobalSection(ProjectConfigurationPlatforms) = postSolution
		{FF0FF7A7-A15B-4867-97CA-9F1B37A0D5B8}.Debug|Any CPU.ActiveCfg = Debug|Any CPU
		{FF0FF7A7-A15B-4867-97CA-9F1B37A0D5B8}.Debug|Any CPU.Build.0 = Debug|Any CPU
		{FF0FF7A7-A15B-4867-97CA-9F1B37A0D5B8}.Release|Any CPU.ActiveCfg = Release|Any CPU
		{FF0FF7A7-A15B-4867-97CA-9F1B37A0D5B8}.Release|Any CPU.Build.0 = Release|Any CPU
	EndGlobalSection
	GlobalSection(SolutionProperties) = preSolution
		HideSolutionNode = FALSE
	EndGlobalSection
	GlobalSection(ExtensibilityGlobals) = postSolution
		SolutionGuid = {BD5497C7-A353-4A0D-B718-98656DACD6CF}
	EndGlobalSection
EndGlobal
